# Generated by pub
# See https://dart.dev/tools/pub/glossary#lockfile
packages:
  dartz:
    dependency: "direct main"
    description:
      name: dartz
      url: "https://pub.dartlang.org"
    source: hosted
    version: "0.9.1"
  path:
    dependency: "direct main"
    description:
      name: path
      url: "https://pub.dartlang.org"
    source: hosted
    version: "1.7.0"
  string_unescape:
    dependency: "direct main"
    description:
      name: string_unescape
      url: "https://pub.dartlang.org"
    source: hosted
    version: "1.5.1"
sdks:
  dart: ">=2.8.4 <3.0.0"
